
Microsoft Visual Studio Solution File, Format Version 12.00
# Visual Studio Version 17
VisualStudioVersion = 17.11.35327.3
MinimumVisualStudioVersion = 10.0.40219.1
Project("{FAE04EC0-301F-11D3-BF4B-00C04F79EFBC}") = "FromLibrary", "FromLibrary\FromLibrary.csproj", "{446EBDA0-BE18-4D68-81E3-D1BA9C02C270}"
EndProject
Project("{FAE04EC0-301F-11D3-BF4B-00C04F79EFBC}") = "DataLayer", "DataLayer\DataLayer.csproj", "{FB250543-E775-4604-8128-DD6DD6FD5F2A}"
EndProject
Project("{FAE04EC0-301F-11D3-BF4B-00C04F79EFBC}") = "BusinessLayer", "BusinessLayer\BusinessLayer.csproj", "{77481434-72FA-4B86-98EE-1600703D5067}"
EndProject
Global
	GlobalSection(SolutionConfigurationPlatforms) = preSolution
		Debug|Any CPU = Debug|Any CPU
		Release|Any CPU = Release|Any CPU
	EndGlobalSection
	GlobalSection(ProjectConfigurationPlatforms) = postSolution
		{446EBDA0-BE18-4D68-81E3-D1BA9C02C270}.Debug|Any CPU.ActiveCfg = Debug|Any CPU
		{446EBDA0-BE18-4D68-81E3-D1BA9C02C270}.Debug|Any CPU.Build.0 = Debug|Any CPU
		{446EBDA0-BE18-4D68-81E3-D1BA9C02C270}.Release|Any CPU.ActiveCfg = Release|Any CPU
		{446EBDA0-BE18-4D68-81E3-D1BA9C02C270}.Release|Any CPU.Build.0 = Release|Any CPU
		{FB250543-E775-4604-8128-DD6DD6FD5F2A}.Debug|Any CPU.ActiveCfg = Debug|Any CPU
		{FB250543-E775-4604-8128-DD6DD6FD5F2A}.Debug|Any CPU.Build.0 = Debug|Any CPU
		{FB250543-E775-4604-8128-DD6DD6FD5F2A}.Release|Any CPU.ActiveCfg = Release|Any CPU
		{FB250543-E775-4604-8128-DD6DD6FD5F2A}.Release|Any CPU.Build.0 = Release|Any CPU
		{77481434-72FA-4B86-98EE-1600703D5067}.Debug|Any CPU.ActiveCfg = Debug|Any CPU
		{77481434-72FA-4B86-98EE-1600703D5067}.Debug|Any CPU.Build.0 = Debug|Any CPU
		{77481434-72FA-4B86-98EE-1600703D5067}.Release|Any CPU.ActiveCfg = Release|Any CPU
		{77481434-72FA-4B86-98EE-1600703D5067}.Release|Any CPU.Build.0 = Release|Any CPU
	EndGlobalSection
	GlobalSection(SolutionProperties) = preSolution
		HideSolutionNode = FALSE
	EndGlobalSection
	GlobalSection(ExtensibilityGlobals) = postSolution
		SolutionGuid = {F05173AB-0332-420C-9361-53CBB81CF7B1}
	EndGlobalSection
EndGlobal
